// !$*UTF8*$!
{
	archiveVersion = 1;
	classes = {
	};
	objectVersion = 46;
	objects = {

/* Begin PBXBuildFile section */
		D4F8573819175C6C0079C1D3 /* Foundation.framework in Frameworks */ = {isa = PBXBuildFile; fileRef = D4F8573719175C6C0079C1D3 /* Foundation.framework */; };
		D4F8573A19175C6C0079C1D3 /* CoreGraphics.framework in Frameworks */ = {isa = PBXBuildFile; fileRef = D4F8573919175C6C0079C1D3 /* CoreGraphics.framework */; };
		D4F8573C19175C6C0079C1D3 /* UIKit.framework in Frameworks */ = {isa = PBXBuildFile; fileRef = D4F8573B19175C6C0079C1D3 /* UIKit.framework */; };
		D4F8574219175C6C0079C1D3 /* InfoPlist.strings in Resources */ = {isa = PBXBuildFile; fileRef = D4F8574019175C6C0079C1D3 /* InfoPlist.strings */; };
		D4F8574419175C6C0079C1D3 /* main.m in Sources */ = {isa = PBXBuildFile; fileRef = D4F8574319175C6C0079C1D3 /* main.m */; };
		D4F8574819175C6C0079C1D3 /* AppDelegate.m in Sources */ = {isa = PBXBuildFile; fileRef = D4F8574719175C6C0079C1D3 /* AppDelegate.m */; };
		D4F8574B19175C6C0079C1D3 /* Main_iPhone.storyboard in Resources */ = {isa = PBXBuildFile; fileRef = D4F8574919175C6C0079C1D3 /* Main_iPhone.storyboard */; };
		D4F8574E19175C6C0079C1D3 /* Main_iPad.storyboard in Resources */ = {isa = PBXBuildFile; fileRef = D4F8574C19175C6C0079C1D3 /* Main_iPad.storyboard */; };
		D4F8575119175C6C0079C1D3 /* MasterViewController.m in Sources */ = {isa = PBXBuildFile; fileRef = D4F8575019175C6C0079C1D3 /* MasterViewController.m */; };
		D4F8575419175C6C0079C1D3 /* DetailViewController.m in Sources */ = {isa = PBXBuildFile; fileRef = D4F8575319175C6C0079C1D3 /* DetailViewController.m */; };
		D4F8575619175C6C0079C1D3 /* Images.xcassets in Resources */ = {isa = PBXBuildFile; fileRef = D4F8575519175C6C0079C1D3 /* Images.xcassets */; };
		D4F8575D19175C6C0079C1D3 /* XCTest.framework in Frameworks */ = {isa = PBXBuildFile; fileRef = D4F8575C19175C6C0079C1D3 /* XCTest.framework */; };
		D4F8575E19175C6C0079C1D3 /* Foundation.framework in Frameworks */ = {isa = PBXBuildFile; fileRef = D4F8573719175C6C0079C1D3 /* Foundation.framework */; };
		D4F8575F19175C6C0079C1D3 /* UIKit.framework in Frameworks */ = {isa = PBXBuildFile; fileRef = D4F8573B19175C6C0079C1D3 /* UIKit.framework */; };
		D4F8576719175C6C0079C1D3 /* InfoPlist.strings in Resources */ = {isa = PBXBuildFile; fileRef = D4F8576519175C6C0079C1D3 /* InfoPlist.strings */; };
		D4F8576919175C6C0079C1D3 /* practice1Tests.m in Sources */ = {isa = PBXBuildFile; fileRef = D4F8576819175C6C0079C1D3 /* practice1Tests.m */; };
/* End PBXBuildFile section */

/* Begin PBXContainerItemProxy section */
		D4F8576019175C6C0079C1D3 /* PBXContainerItemProxy */ = {
			isa = PBXContainerItemProxy;
			containerPortal = D4F8572C19175C6C0079C1D3 /* Project object */;
			proxyType = 1;
			remoteGlobalIDString = D4F8573319175C6C0079C1D3;
			remoteInfo = practice1;
		};
/* End PBXContainerItemProxy section */

/* Begin PBXFileReference section */
		D4F8573419175C6C0079C1D3 /* practice1.app */ = {isa = PBXFileReference; explicitFileType = wrapper.application; includeInIndex = 0; path = practice1.app; sourceTree = BUILT_PRODUCTS_DIR; };
		D4F8573719175C6C0079C1D3 /* Foundation.framework */ = {isa = PBXFileReference; lastKnownFileType = wrapper.framework; name = Foundation.framework; path = System/Library/Frameworks/Foundation.framework; sourceTree = SDKROOT; };
		D4F8573919175C6C0079C1D3 /* CoreGraphics.framework */ = {isa = PBXFileReference; lastKnownFileType = wrapper.framework; name = CoreGraphics.framework; path = System/Library/Frameworks/CoreGraphics.framework; sourceTree = SDKROOT; };
		D4F8573B19175C6C0079C1D3 /* UIKit.framework */ = {isa = PBXFileReference; lastKnownFileType = wrapper.framework; name = UIKit.framework; path = System/Library/Frameworks/UIKit.framework; sourceTree = SDKROOT; };
		D4F8573F19175C6C0079C1D3 /* practice1-Info.plist */ = {isa = PBXFileReference; lastKnownFileType = text.plist.xml; path = "practice1-Info.plist"; sourceTree = "<group>"; };
		D4F8574119175C6C0079C1D3 /* en */ = {isa = PBXFileReference; lastKnownFileType = text.plist.strings; name = en; path = en.lproj/InfoPlist.strings; sourceTree = "<group>"; };
		D4F8574319175C6C0079C1D3 /* main.m */ = {isa = PBXFileReference; lastKnownFileType = sourcecode.c.objc; path = main.m; sourceTree = "<group>"; };
		D4F8574519175C6C0079C1D3 /* practice1-Prefix.pch */ = {isa = PBXFileReference; lastKnownFileType = sourcecode.c.h; path = "practice1-Prefix.pch"; sourceTree = "<group>"; };
		D4F8574619175C6C0079C1D3 /* AppDelegate.h */ = {isa = PBXFileReference; lastKnownFileType = sourcecode.c.h; path = AppDelegate.h; sourceTree = "<group>"; };
		D4F8574719175C6C0079C1D3 /* AppDelegate.m */ = {isa = PBXFileReference; lastKnownFileType = sourcecode.c.objc; path = AppDelegate.m; sourceTree = "<group>"; };
		D4F8574A19175C6C0079C1D3 /* Base */ = {isa = PBXFileReference; lastKnownFileType = file.storyboard; name = Base; path = Base.lproj/Main_iPhone.storyboard; sourceTree = "<group>"; };
		D4F8574D19175C6C0079C1D3 /* Base */ = {isa = PBXFileReference; lastKnownFileType = file.storyboard; name = Base; path = Base.lproj/Main_iPad.storyboard; sourceTree = "<group>"; };
		D4F8574F19175C6C0079C1D3 /* MasterViewController.h */ = {isa = PBXFileReference; lastKnownFileType = sourcecode.c.h; path = MasterViewController.h; sourceTree = "<group>"; };
		D4F8575019175C6C0079C1D3 /* MasterViewController.m */ = {isa = PBXFileReference; lastKnownFileType = sourcecode.c.objc; path = MasterViewController.m; sourceTree = "<group>"; };
		D4F8575219175C6C0079C1D3 /* DetailViewController.h */ = {isa = PBXFileReference; lastKnownFileType = sourcecode.c.h; path = DetailViewController.h; sourceTree = "<group>"; };
		D4F8575319175C6C0079C1D3 /* DetailViewController.m */ = {isa = PBXFileReference; lastKnownFileType = sourcecode.c.objc; path = DetailViewController.m; sourceTree = "<group>"; };
		D4F8575519175C6C0079C1D3 /* Images.xcassets */ = {isa = PBXFileReference; lastKnownFileType = folder.assetcatalog; path = Images.xcassets; sourceTree = "<group>"; };
		D4F8575B19175C6C0079C1D3 /* practice1Tests.xctest */ = {isa = PBXFileReference; explicitFileType = wrapper.cfbundle; includeInIndex = 0; path = practice1Tests.xctest; sourceTree = BUILT_PRODUCTS_DIR; };
		D4F8575C19175C6C0079C1D3 /* XCTest.framework */ = {isa = PBXFileReference; lastKnownFileType = wrapper.framework; name = XCTest.framework; path = Library/Frameworks/XCTest.framework; sourceTree = DEVELOPER_DIR; };
		D4F8576419175C6C0079C1D3 /* practice1Tests-Info.plist */ = {isa = PBXFileReference; lastKnownFileType = text.plist.xml; path = "practice1Tests-Info.plist"; sourceTree = "<group>"; };
		D4F8576619175C6C0079C1D3 /* en */ = {isa = PBXFileReference; lastKnownFileType = text.plist.strings; name = en; path = en.lproj/InfoPlist.strings; sourceTree = "<group>"; };
		D4F8576819175C6C0079C1D3 /* practice1Tests.m */ = {isa = PBXFileReference; lastKnownFileType = sourcecode.c.objc; path = practice1Tests.m; sourceTree = "<group>"; };
/* End PBXFileReference section */

/* Begin PBXFrameworksBuildPhase section */
		D4F8573119175C6C0079C1D3 /* Frameworks */ = {
			isa = PBXFrameworksBuildPhase;
			buildActionMask = 2147483647;
			files = (
				D4F8573A19175C6C0079C1D3 /* CoreGraphics.framework in Frameworks */,
				D4F8573C19175C6C0079C1D3 /* UIKit.framework in Frameworks */,
				D4F8573819175C6C0079C1D3 /* Foundation.framework in Frameworks */,
			);
			runOnlyForDeploymentPostprocessing = 0;
		};
		D4F8575819175C6C0079C1D3 /* Frameworks */ = {
			isa = PBXFrameworksBuildPhase;
			buildActionMask = 2147483647;
			files = (
				D4F8575D19175C6C0079C1D3 /* XCTest.framework in Frameworks */,
				D4F8575F19175C6C0079C1D3 /* UIKit.framework in Frameworks */,
				D4F8575E19175C6C0079C1D3 /* Foundation.framework in Frameworks */,
			);
			runOnlyForDeploymentPostprocessing = 0;
		};
/* End PBXFrameworksBuildPhase section */

/* Begin PBXGroup section */
		D4F8572B19175C6C0079C1D3 = {
			isa = PBXGroup;
			children = (
				D4F8573D19175C6C0079C1D3 /* practice1 */,
				D4F8576219175C6C0079C1D3 /* practice1Tests */,
				D4F8573619175C6C0079C1D3 /* Frameworks */,
				D4F8573519175C6C0079C1D3 /* Products */,
			);
			sourceTree = "<group>";
		};
		D4F8573519175C6C0079C1D3 /* Products */ = {
			isa = PBXGroup;
			children = (
				D4F8573419175C6C0079C1D3 /* practice1.app */,
				D4F8575B19175C6C0079C1D3 /* practice1Tests.xctest */,
			);
			name = Products;
			sourceTree = "<group>";
		};
		D4F8573619175C6C0079C1D3 /* Frameworks */ = {
			isa = PBXGroup;
			children = (
				D4F8573719175C6C0079C1D3 /* Foundation.framework */,
				D4F8573919175C6C0079C1D3 /* CoreGraphics.framework */,
				D4F8573B19175C6C0079C1D3 /* UIKit.framework */,
				D4F8575C19175C6C0079C1D3 /* XCTest.framework */,
			);
			name = Frameworks;
			sourceTree = "<group>";
		};
		D4F8573D19175C6C0079C1D3 /* practice1 */ = {
			isa = PBXGroup;
			children = (
				D4F8574619175C6C0079C1D3 /* AppDelegate.h */,
				D4F8574719175C6C0079C1D3 /* AppDelegate.m */,
				D4F8574919175C6C0079C1D3 /* Main_iPhone.storyboard */,
				D4F8574C19175C6C0079C1D3 /* Main_iPad.storyboard */,
				D4F8574F19175C6C0079C1D3 /* MasterViewController.h */,
				D4F8575019175C6C0079C1D3 /* MasterViewController.m */,
				D4F8575219175C6C0079C1D3 /* DetailViewController.h */,
				D4F8575319175C6C0079C1D3 /* DetailViewController.m */,
				D4F8575519175C6C0079C1D3 /* Images.xcassets */,
				D4F8573E19175C6C0079C1D3 /* Supporting Files */,
			);
			path = practice1;
			sourceTree = "<group>";
		};
		D4F8573E19175C6C0079C1D3 /* Supporting Files */ = {
			isa = PBXGroup;
			children = (
				D4F8573F19175C6C0079C1D3 /* practice1-Info.plist */,
				D4F8574019175C6C0079C1D3 /* InfoPlist.strings */,
				D4F8574319175C6C0079C1D3 /* main.m */,
				D4F8574519175C6C0079C1D3 /* practice1-Prefix.pch */,
			);
			name = "Supporting Files";
			sourceTree = "<group>";
		};
		D4F8576219175C6C0079C1D3 /* practice1Tests */ = {
			isa = PBXGroup;
			children = (
				D4F8576819175C6C0079C1D3 /* practice1Tests.m */,
				D4F8576319175C6C0079C1D3 /* Supporting Files */,
			);
			path = practice1Tests;
			sourceTree = "<group>";
		};
		D4F8576319175C6C0079C1D3 /* Supporting Files */ = {
			isa = PBXGroup;
			children = (
				D4F8576419175C6C0079C1D3 /* practice1Tests-Info.plist */,
				D4F8576519175C6C0079C1D3 /* InfoPlist.strings */,
			);
			name = "Supporting Files";
			sourceTree = "<group>";
		};
/* End PBXGroup section */

/* Begin PBXNativeTarget section */
		D4F8573319175C6C0079C1D3 /* practice1 */ = {
			isa = PBXNativeTarget;
			buildConfigurationList = D4F8576C19175C6C0079C1D3 /* Build configuration list for PBXNativeTarget "practice1" */;
			buildPhases = (
				D4F8573019175C6C0079C1D3 /* Sources */,
				D4F8573119175C6C0079C1D3 /* Frameworks */,
				D4F8573219175C6C0079C1D3 /* Resources */,
			);
			buildRules = (
			);
			dependencies = (
			);
			name = practice1;
			productName = practice1;
			productReference = D4F8573419175C6C0079C1D3 /* practice1.app */;
			productType = "com.apple.product-type.application";
		};
		D4F8575A19175C6C0079C1D3 /* practice1Tests */ = {
			isa = PBXNativeTarget;
			buildConfigurationList = D4F8576F19175C6C0079C1D3 /* Build configuration list for PBXNativeTarget "practice1Tests" */;
			buildPhases = (
				D4F8575719175C6C0079C1D3 /* Sources */,
				D4F8575819175C6C0079C1D3 /* Frameworks */,
				D4F8575919175C6C0079C1D3 /* Resources */,
			);
			buildRules = (
			);
			dependencies = (
				D4F8576119175C6C0079C1D3 /* PBXTargetDependency */,
			);
			name = practice1Tests;
			productName = practice1Tests;
			productReference = D4F8575B19175C6C0079C1D3 /* practice1Tests.xctest */;
			productType = "com.apple.product-type.bundle.unit-test";
		};
/* End PBXNativeTarget section */

/* Begin PBXProject section */
		D4F8572C19175C6C0079C1D3 /* Project object */ = {
			isa = PBXProject;
			attributes = {
				LastUpgradeCheck = 0510;
				ORGANIZATIONNAME = Kakao;
				TargetAttributes = {
					D4F8575A19175C6C0079C1D3 = {
						TestTargetID = D4F8573319175C6C0079C1D3;
					};
				};
			};
			buildConfigurationList = D4F8572F19175C6C0079C1D3 /* Build configuration list for PBXProject "practice1" */;
			compatibilityVersion = "Xcode 3.2";
			developmentRegion = English;
			hasScannedForEncodings = 0;
			knownRegions = (
				en,
				Base,
			);
			mainGroup = D4F8572B19175C6C0079C1D3;
			productRefGroup = D4F8573519175C6C0079C1D3 /* Products */;
			projectDirPath = "";
			projectRoot = "";
			targets = (
				D4F8573319175C6C0079C1D3 /* practice1 */,
				D4F8575A19175C6C0079C1D3 /* practice1Tests */,
			);
		};
/* End PBXProject section */

/* Begin PBXResourcesBuildPhase section */
		D4F8573219175C6C0079C1D3 /* Resources */ = {
			isa = PBXResourcesBuildPhase;
			buildActionMask = 2147483647;
			files = (
				D4F8574E19175C6C0079C1D3 /* Main_iPad.storyboard in Resources */,
				D4F8575619175C6C0079C1D3 /* Images.xcassets in Resources */,
				D4F8574B19175C6C0079C1D3 /* Main_iPhone.storyboard in Resources */,
				D4F8574219175C6C0079C1D3 /* InfoPlist.strings in Resources */,
			);
			runOnlyForDeploymentPostprocessing = 0;
		};
		D4F8575919175C6C0079C1D3 /* Resources */ = {
			isa = PBXResourcesBuildPhase;
			buildActionMask = 2147483647;
			files = (
				D4F8576719175C6C0079C1D3 /* InfoPlist.strings in Resources */,
			);
			runOnlyForDeploymentPostprocessing = 0;
		};
/* End PBXResourcesBuildPhase section */

/* Begin PBXSourcesBuildPhase section */
		D4F8573019175C6C0079C1D3 /* Sources */ = {
			isa = PBXSourcesBuildPhase;
			buildActionMask = 2147483647;
			files = (
				D4F8574819175C6C0079C1D3 /* AppDelegate.m in Sources */,
				D4F8575119175C6C0079C1D3 /* MasterViewController.m in Sources */,
				D4F8574419175C6C0079C1D3 /* main.m in Sources */,
				D4F8575419175C6C0079C1D3 /* DetailViewController.m in Sources */,
			);
			runOnlyForDeploymentPostprocessing = 0;
		};
		D4F8575719175C6C0079C1D3 /* Sources */ = {
			isa = PBXSourcesBuildPhase;
			buildActionMask = 2147483647;
			files = (
				D4F8576919175C6C0079C1D3 /* practice1Tests.m in Sources */,
			);
			runOnlyForDeploymentPostprocessing = 0;
		};
/* End PBXSourcesBuildPhase section */

/* Begin PBXTargetDependency section */
		D4F8576119175C6C0079C1D3 /* PBXTargetDependency */ = {
			isa = PBXTargetDependency;
			target = D4F8573319175C6C0079C1D3 /* practice1 */;
			targetProxy = D4F8576019175C6C0079C1D3 /* PBXContainerItemProxy */;
		};
/* End PBXTargetDependency section */

/* Begin PBXVariantGroup section */
		D4F8574019175C6C0079C1D3 /* InfoPlist.strings */ = {
			isa = PBXVariantGroup;
			children = (
				D4F8574119175C6C0079C1D3 /* en */,
			);
			name = InfoPlist.strings;
			sourceTree = "<group>";
		};
		D4F8574919175C6C0079C1D3 /* Main_iPhone.storyboard */ = {
			isa = PBXVariantGroup;
			children = (
				D4F8574A19175C6C0079C1D3 /* Base */,
			);
			name = Main_iPhone.storyboard;
			sourceTree = "<group>";
		};
		D4F8574C19175C6C0079C1D3 /* Main_iPad.storyboard */ = {
			isa = PBXVariantGroup;
			children = (
				D4F8574D19175C6C0079C1D3 /* Base */,
			);
			name = Main_iPad.storyboard;
			sourceTree = "<group>";
		};
		D4F8576519175C6C0079C1D3 /* InfoPlist.strings */ = {
			isa = PBXVariantGroup;
			children = (
				D4F8576619175C6C0079C1D3 /* en */,
			);
			name = InfoPlist.strings;
			sourceTree = "<group>";
		};
/* End PBXVariantGroup section */

/* Begin XCBuildConfiguration section */
		D4F8576A19175C6C0079C1D3 /* Debug */ = {
			isa = XCBuildConfiguration;
			buildSettings = {
				ALWAYS_SEARCH_USER_PATHS = NO;
				CLANG_CXX_LANGUAGE_STANDARD = "gnu++0x";
				CLANG_CXX_LIBRARY = "libc++";
				CLANG_ENABLE_MODULES = YES;
				CLANG_ENABLE_OBJC_ARC = YES;
				CLANG_WARN_BOOL_CONVERSION = YES;
				CLANG_WARN_CONSTANT_CONVERSION = YES;
				CLANG_WARN_DIRECT_OBJC_ISA_USAGE = YES_ERROR;
				CLANG_WARN_EMPTY_BODY = YES;
				CLANG_WARN_ENUM_CONVERSION = YES;
				CLANG_WARN_INT_CONVERSION = YES;
				CLANG_WARN_OBJC_ROOT_CLASS = YES_ERROR;
				CLANG_WARN__DUPLICATE_METHOD_MATCH = YES;
				"CODE_SIGN_IDENTITY[sdk=iphoneos*]" = "iPhone Developer";
				COPY_PHASE_STRIP = NO;
				GCC_C_LANGUAGE_STANDARD = gnu99;
				GCC_DYNAMIC_NO_PIC = NO;
				GCC_OPTIMIZATION_LEVEL = 0;
				GCC_PREPROCESSOR_DEFINITIONS = (
					"DEBUG=1",
					"$(inherited)",
				);
				GCC_SYMBOLS_PRIVATE_EXTERN = NO;
				GCC_WARN_64_TO_32_BIT_CONVERSION = YES;
				GCC_WARN_ABOUT_RETURN_TYPE = YES_ERROR;
				GCC_WARN_UNDECLARED_SELECTOR = YES;
				GCC_WARN_UNINITIALIZED_AUTOS = YES_AGGRESSIVE;
				GCC_WARN_UNUSED_FUNCTION = YES;
				GCC_WARN_UNUSED_VARIABLE = YES;
				IPHONEOS_DEPLOYMENT_TARGET = 7.1;
				ONLY_ACTIVE_ARCH = YES;
				SDKROOT = iphoneos;
				TARGETED_DEVICE_FAMILY = "1,2";
			};
			name = Debug;
		};
		D4F8576B19175C6C0079C1D3 /* Release */ = {
			isa = XCBuildConfiguration;
			buildSettings = {
				ALWAYS_SEARCH_USER_PATHS = NO;
				CLANG_CXX_LANGUAGE_STANDARD = "gnu++0x";
				CLANG_CXX_LIBRARY = "libc++";
				CLANG_ENABLE_MODULES = YES;
				CLANG_ENABLE_OBJC_ARC = YES;
				CLANG_WARN_BOOL_CONVERSION = YES;
				CLANG_WARN_CONSTANT_CONVERSION = YES;
				CLANG_WARN_DIRECT_OBJC_ISA_USAGE = YES_ERROR;
				CLANG_WARN_EMPTY_BODY = YES;
				CLANG_WARN_ENUM_CONVERSION = YES;
				CLANG_WARN_INT_CONVERSION = YES;
				CLANG_WARN_OBJC_ROOT_CLASS = YES_ERROR;
				CLANG_WARN__DUPLICATE_METHOD_MATCH = YES;
				"CODE_SIGN_IDENTITY[sdk=iphoneos*]" = "iPhone Developer";
				COPY_PHASE_STRIP = YES;
				ENABLE_NS_ASSERTIONS = NO;
				GCC_C_LANGUAGE_STANDARD = gnu99;
				GCC_WARN_64_TO_32_BIT_CONVERSION = YES;
				GCC_WARN_ABOUT_RETURN_TYPE = YES_ERROR;
				GCC_WARN_UNDECLARED_SELECTOR = YES;
				GCC_WARN_UNINITIALIZED_AUTOS = YES_AGGRESSIVE;
				GCC_WARN_UNUSED_FUNCTION = YES;
				GCC_WARN_UNUSED_VARIABLE = YES;
				IPHONEOS_DEPLOYMENT_TARGET = 7.1;
				SDKROOT = iphoneos;
				TARGETED_DEVICE_FAMILY = "1,2";
				VALIDATE_PRODUCT = YES;
			};
			name = Release;
		};
		D4F8576D19175C6C0079C1D3 /* Debug */ = {
			isa = XCBuildConfiguration;
			buildSettings = {
				ASSETCATALOG_COMPILER_APPICON_NAME = AppIcon;
				ASSETCATALOG_COMPILER_LAUNCHIMAGE_NAME = LaunchImage;
				GCC_PRECOMPILE_PREFIX_HEADER = YES;
				GCC_PREFIX_HEADER = "practice1/practice1-Prefix.pch";
				INFOPLIST_FILE = "practice1/practice1-Info.plist";
				PRODUCT_NAME = "$(TARGET_NAME)";
				WRAPPER_EXTENSION = app;
			};
			name = Debug;
		};
		D4F8576E19175C6C0079C1D3 /* Release */ = {
			isa = XCBuildConfiguration;
			buildSettings = {
				ASSETCATALOG_COMPILER_APPICON_NAME = AppIcon;
				ASSETCATALOG_COMPILER_LAUNCHIMAGE_NAME = LaunchImage;
				GCC_PRECOMPILE_PREFIX_HEADER = YES;
				GCC_PREFIX_HEADER = "practice1/practice1-Prefix.pch";
				INFOPLIST_FILE = "practice1/practice1-Info.plist";
				PRODUCT_NAME = "$(TARGET_NAME)";
				WRAPPER_EXTENSION = app;
			};
			name = Release;
		};
		D4F8577019175C6C0079C1D3 /* Debug */ = {
			isa = XCBuildConfiguration;
			buildSettings = {
				BUNDLE_LOADER = "$(BUILT_PRODUCTS_DIR)/practice1.app/practice1";
				FRAMEWORK_SEARCH_PATHS = (
					"$(SDKROOT)/Developer/Library/Frameworks",
					"$(inherited)",
					"$(DEVELOPER_FRAMEWORKS_DIR)",
				);
				GCC_PRECOMPILE_PREFIX_HEADER = YES;
				GCC_PREFIX_HEADER = "practice1/practice1-Prefix.pch";
				GCC_PREPROCESSOR_DEFINITIONS = (
					"DEBUG=1",
					"$(inherited)",
				);
				INFOPLIST_FILE = "practice1Tests/practice1Tests-Info.plist";
				PRODUCT_NAME = "$(TARGET_NAME)";
				TEST_HOST = "$(BUNDLE_LOADER)";
				WRAPPER_EXTENSION = xctest;
			};
			name = Debug;
		};
		D4F8577119175C6D0079C1D3 /* Release */ = {
			isa = XCBuildConfiguration;
			buildSettings = {
				BUNDLE_LOADER = "$(BUILT_PRODUCTS_DIR)/practice1.app/practice1";
				FRAMEWORK_SEARCH_PATHS = (
					"$(SDKROOT)/Developer/Library/Frameworks",
					"$(inherited)",
					"$(DEVELOPER_FRAMEWORKS_DIR)",
				);
				GCC_PRECOMPILE_PREFIX_HEADER = YES;
				GCC_PREFIX_HEADER = "practice1/practice1-Prefix.pch";
				INFOPLIST_FILE = "practice1Tests/practice1Tests-Info.plist";
				PRODUCT_NAME = "$(TARGET_NAME)";
				TEST_HOST = "$(BUNDLE_LOADER)";
				WRAPPER_EXTENSION = xctest;
			};
			name = Release;
		};
/* End XCBuildConfiguration section */

/* Begin XCConfigurationList section */
		D4F8572F19175C6C0079C1D3 /* Build configuration list for PBXProject "practice1" */ = {
			isa = XCConfigurationList;
			buildConfigurations = (
				D4F8576A19175C6C0079C1D3 /* Debug */,
				D4F8576B19175C6C0079C1D3 /* Release */,
			);
			defaultConfigurationIsVisible = 0;
			defaultConfigurationName = Release;
		};
		D4F8576C19175C6C0079C1D3 /* Build configuration list for PBXNativeTarget "practice1" */ = {
			isa = XCConfigurationList;
			buildConfigurations = (
				D4F8576D19175C6C0079C1D3 /* Debug */,
				D4F8576E19175C6C0079C1D3 /* Release */,
			);
			defaultConfigurationIsVisible = 0;
		};
		D4F8576F19175C6C0079C1D3 /* Build configuration list for PBXNativeTarget "practice1Tests" */ = {
			isa = XCConfigurationList;
			buildConfigurations = (
				D4F8577019175C6C0079C1D3 /* Debug */,
				D4F8577119175C6D0079C1D3 /* Release */,
			);
			defaultConfigurationIsVisible = 0;
		};
/* End XCConfigurationList section */
	};
	rootObject = D4F8572C19175C6C0079C1D3 /* Project object */;
}
